
Microsoft Visual Studio Solution File, Format Version 12.00
# Visual Studio Version 17
VisualStudioVersion = 17.7.34031.279
MinimumVisualStudioVersion = 10.0.40219.1
Project("{FAE04EC0-301F-11D3-BF4B-00C04F79EFBC}") = "ASPNETMVCCRUD", "ASPNETMVCCRUD.csproj", "{E62A052F-4BAD-4AA1-B577-97F6F939B59D}"
EndProject
Global
	GlobalSection(SolutionConfigurationPlatforms) = preSolution
		Debug|Any CPU = Debug|Any CPU
		Release|Any CPU = Release|Any CPU
	EndGlobalSection
	GlobalSection(ProjectConfigurationPlatforms) = postSolution
		{E62A052F-4BAD-4AA1-B577-97F6F939B59D}.Debug|Any CPU.ActiveCfg = Debug|Any CPU
		{E62A052F-4BAD-4AA1-B577-97F6F939B59D}.Debug|Any CPU.Build.0 = Debug|Any CPU
		{E62A052F-4BAD-4AA1-B577-97F6F939B59D}.Release|Any CPU.ActiveCfg = Release|Any CPU
		{E62A052F-4BAD-4AA1-B577-97F6F939B59D}.Release|Any CPU.Build.0 = Release|Any CPU
	EndGlobalSection
	GlobalSection(SolutionProperties) = preSolution
		HideSolutionNode = FALSE
	EndGlobalSection
	GlobalSection(ExtensibilityGlobals) = postSolution
		SolutionGuid = {C4753169-B400-4836-BD33-68A95D3B2AB2}
	EndGlobalSection
EndGlobal
